
Microsoft Visual Studio Solution File, Format Version 12.00
# Visual Studio Version 17
VisualStudioVersion = 17.6.33723.286
MinimumVisualStudioVersion = 10.0.40219.1
Project("{FAE04EC0-301F-11D3-BF4B-00C04F79EFBC}") = "TRMDataManaget", "TRMDataManaget\TRMDataManaget.csproj", "{79FE878D-D8DF-4381-9FA5-E73368B968FB}"
EndProject
Global
	GlobalSection(SolutionConfigurationPlatforms) = preSolution
		Debug|Any CPU = Debug|Any CPU
		Release|Any CPU = Release|Any CPU
	EndGlobalSection
	GlobalSection(ProjectConfigurationPlatforms) = postSolution
		{79FE878D-D8DF-4381-9FA5-E73368B968FB}.Debug|Any CPU.ActiveCfg = Debug|Any CPU
		{79FE878D-D8DF-4381-9FA5-E73368B968FB}.Debug|Any CPU.Build.0 = Debug|Any CPU
		{79FE878D-D8DF-4381-9FA5-E73368B968FB}.Release|Any CPU.ActiveCfg = Release|Any CPU
		{79FE878D-D8DF-4381-9FA5-E73368B968FB}.Release|Any CPU.Build.0 = Release|Any CPU
	EndGlobalSection
	GlobalSection(SolutionProperties) = preSolution
		HideSolutionNode = FALSE
	EndGlobalSection
	GlobalSection(ExtensibilityGlobals) = postSolution
		SolutionGuid = {481C91F7-10B9-4326-9B60-AF410969CDC8}
	EndGlobalSection
EndGlobal
